// !$*UTF8*$!
{
	archiveVersion = 1;
	classes = {
	};
	objectVersion = 77;
	objects = {

/* Begin PBXContainerItemProxy section */
		14B0297B2EA7B1580039B280 /* PBXContainerItemProxy */ = {
			isa = PBXContainerItemProxy;
			containerPortal = 14B029652EA7B1510039B280 /* Project object */;
			proxyType = 1;
			remoteGlobalIDString = 14B0296C2EA7B1510039B280;
			remoteInfo = iPadPopoverDemoApp;
		};
		14B029852EA7B1580039B280 /* PBXContainerItemProxy */ = {
			isa = PBXContainerItemProxy;
			containerPortal = 14B029652EA7B1510039B280 /* Project object */;
			proxyType = 1;
			remoteGlobalIDString = 14B0296C2EA7B1510039B280;
			remoteInfo = iPadPopoverDemoApp;
		};
/* End PBXContainerItemProxy section */

/* Begin PBXFileReference section */
		14B0296D2EA7B1510039B280 /* iPadPopoverDemoApp.app */ = {isa = PBXFileReference; explicitFileType = wrapper.application; includeInIndex = 0; path = iPadPopoverDemoApp.app; sourceTree = BUILT_PRODUCTS_DIR; };
		14B0297A2EA7B1580039B280 /* iPadPopoverDemoAppTests.xctest */ = {isa = PBXFileReference; explicitFileType = wrapper.cfbundle; includeInIndex = 0; path = iPadPopoverDemoAppTests.xctest; sourceTree = BUILT_PRODUCTS_DIR; };
		14B029842EA7B1580039B280 /* iPadPopoverDemoAppUITests.xctest */ = {isa = PBXFileReference; explicitFileType = wrapper.cfbundle; includeInIndex = 0; path = iPadPopoverDemoAppUITests.xctest; sourceTree = BUILT_PRODUCTS_DIR; };
/* End PBXFileReference section */

/* Begin PBXFileSystemSynchronizedRootGroup section */
		14B0296F2EA7B1510039B280 /* iPadPopoverDemoApp */ = {
			isa = PBXFileSystemSynchronizedRootGroup;
			path = iPadPopoverDemoApp;
			sourceTree = "<group>";
		};
		14B0297D2EA7B1580039B280 /* iPadPopoverDemoAppTests */ = {
			isa = PBXFileSystemSynchronizedRootGroup;
			path = iPadPopoverDemoAppTests;
			sourceTree = "<group>";
		};
		14B029872EA7B1580039B280 /* iPadPopoverDemoAppUITests */ = {
			isa = PBXFileSystemSynchronizedRootGroup;
			path = iPadPopoverDemoAppUITests;
			sourceTree = "<group>";
		};
/* End PBXFileSystemSynchronizedRootGroup section */

/* Begin PBXFrameworksBuildPhase section */
		14B0296A2EA7B1510039B280 /* Frameworks */ = {
			isa = PBXFrameworksBuildPhase;
			buildActionMask = 2147483647;
			files = (
			);
			runOnlyForDeploymentPostprocessing = 0;
		};
		14B029772EA7B1580039B280 /* Frameworks */ = {
			isa = PBXFrameworksBuildPhase;
			buildActionMask = 2147483647;
			files = (
			);
			runOnlyForDeploymentPostprocessing = 0;
		};
		14B029812EA7B1580039B280 /* Frameworks */ = {
			isa = PBXFrameworksBuildPhase;
			buildActionMask = 2147483647;
			files = (
			);
			runOnlyForDeploymentPostprocessing = 0;
		};
/* End PBXFrameworksBuildPhase section */

/* Begin PBXGroup section */
		14B029642EA7B1510039B280 = {
			isa = PBXGroup;
			children = (
				14B0296F2EA7B1510039B280 /* iPadPopoverDemoApp */,
				14B0297D2EA7B1580039B280 /* iPadPopoverDemoAppTests */,
				14B029872EA7B1580039B280 /* iPadPopoverDemoAppUITests */,
				14B0296E2EA7B1510039B280 /* Products */,
			);
			sourceTree = "<group>";
		};
		14B0296E2EA7B1510039B280 /* Products */ = {
			isa = PBXGroup;
			children = (
				14B0296D2EA7B1510039B280 /* iPadPopoverDemoApp.app */,
				14B0297A2EA7B1580039B280 /* iPadPopoverDemoAppTests.xctest */,
				14B029842EA7B1580039B280 /* iPadPopoverDemoAppUITests.xctest */,
			);
			name = Products;
			sourceTree = "<group>";
		};
/* End PBXGroup section */

/* Begin PBXNativeTarget section */
		14B0296C2EA7B1510039B280 /* iPadPopoverDemoApp */ = {
			isa = PBXNativeTarget;
			buildConfigurationList = 14B0298E2EA7B1580039B280 /* Build configuration list for PBXNativeTarget "iPadPopoverDemoApp" */;
			buildPhases = (
				14B029692EA7B1510039B280 /* Sources */,
				14B0296A2EA7B1510039B280 /* Frameworks */,
				14B0296B2EA7B1510039B280 /* Resources */,
			);
			buildRules = (
			);
			dependencies = (
			);
			fileSystemSynchronizedGroups = (
				14B0296F2EA7B1510039B280 /* iPadPopoverDemoApp */,
			);
			name = iPadPopoverDemoApp;
			packageProductDependencies = (
			);
			productName = iPadPopoverDemoApp;
			productReference = 14B0296D2EA7B1510039B280 /* iPadPopoverDemoApp.app */;
			productType = "com.apple.product-type.application";
		};
		14B029792EA7B1580039B280 /* iPadPopoverDemoAppTests */ = {
			isa = PBXNativeTarget;
			buildConfigurationList = 14B029912EA7B1580039B280 /* Build configuration list for PBXNativeTarget "iPadPopoverDemoAppTests" */;
			buildPhases = (
				14B029762EA7B1580039B280 /* Sources */,
				14B029772EA7B1580039B280 /* Frameworks */,
				14B029782EA7B1580039B280 /* Resources */,
			);
			buildRules = (
			);
			dependencies = (
				14B0297C2EA7B1580039B280 /* PBXTargetDependency */,
			);
			fileSystemSynchronizedGroups = (
				14B0297D2EA7B1580039B280 /* iPadPopoverDemoAppTests */,
			);
			name = iPadPopoverDemoAppTests;
			packageProductDependencies = (
			);
			productName = iPadPopoverDemoAppTests;
			productReference = 14B0297A2EA7B1580039B280 /* iPadPopoverDemoAppTests.xctest */;
			productType = "com.apple.product-type.bundle.unit-test";
		};
		14B029832EA7B1580039B280 /* iPadPopoverDemoAppUITests */ = {
			isa = PBXNativeTarget;
			buildConfigurationList = 14B029942EA7B1580039B280 /* Build configuration list for PBXNativeTarget "iPadPopoverDemoAppUITests" */;
			buildPhases = (
				14B029802EA7B1580039B280 /* Sources */,
				14B029812EA7B1580039B280 /* Frameworks */,
				14B029822EA7B1580039B280 /* Resources */,
			);
			buildRules = (
			);
			dependencies = (
				14B029862EA7B1580039B280 /* PBXTargetDependency */,
			);
			fileSystemSynchronizedGroups = (
				14B029872EA7B1580039B280 /* iPadPopoverDemoAppUITests */,
			);
			name = iPadPopoverDemoAppUITests;
			packageProductDependencies = (
			);
			productName = iPadPopoverDemoAppUITests;
			productReference = 14B029842EA7B1580039B280 /* iPadPopoverDemoAppUITests.xctest */;
			productType = "com.apple.product-type.bundle.ui-testing";
		};
/* End PBXNativeTarget section */

/* Begin PBXProject section */
		14B029652EA7B1510039B280 /* Project object */ = {
			isa = PBXProject;
			attributes = {
				BuildIndependentTargetsInParallel = 1;
				LastSwiftUpdateCheck = 1640;
				LastUpgradeCheck = 1640;
				TargetAttributes = {
					14B0296C2EA7B1510039B280 = {
						CreatedOnToolsVersion = 16.4;
					};
					14B029792EA7B1580039B280 = {
						CreatedOnToolsVersion = 16.4;
						TestTargetID = 14B0296C2EA7B1510039B280;
					};
					14B029832EA7B1580039B280 = {
						CreatedOnToolsVersion = 16.4;
						TestTargetID = 14B0296C2EA7B1510039B280;
					};
				};
			};
			buildConfigurationList = 14B029682EA7B1510039B280 /* Build configuration list for PBXProject "iPadPopoverDemoApp" */;
			developmentRegion = en;
			hasScannedForEncodings = 0;
			knownRegions = (
				en,
				Base,
			);
			mainGroup = 14B029642EA7B1510039B280;
			minimizedProjectReferenceProxies = 1;
			preferredProjectObjectVersion = 77;
			productRefGroup = 14B0296E2EA7B1510039B280 /* Products */;
			projectDirPath = "";
			projectRoot = "";
			targets = (
				14B0296C2EA7B1510039B280 /* iPadPopoverDemoApp */,
				14B029792EA7B1580039B280 /* iPadPopoverDemoAppTests */,
				14B029832EA7B1580039B280 /* iPadPopoverDemoAppUITests */,
			);
		};
/* End PBXProject section */

/* Begin PBXResourcesBuildPhase section */
		14B0296B2EA7B1510039B280 /* Resources */ = {
			isa = PBXResourcesBuildPhase;
			buildActionMask = 2147483647;
			files = (
			);
			runOnlyForDeploymentPostprocessing = 0;
		};
		14B029782EA7B1580039B280 /* Resources */ = {
			isa = PBXResourcesBuildPhase;
			buildActionMask = 2147483647;
			files = (
			);
			runOnlyForDeploymentPostprocessing = 0;
		};
		14B029822EA7B1580039B280 /* Resources */ = {
			isa = PBXResourcesBuildPhase;
			buildActionMask = 2147483647;
			files = (
			);
			runOnlyForDeploymentPostprocessing = 0;
		};
/* End PBXResourcesBuildPhase section */

/* Begin PBXSourcesBuildPhase section */
		14B029692EA7B1510039B280 /* Sources */ = {
			isa = PBXSourcesBuildPhase;
			buildActionMask = 2147483647;
			files = (
			);
			runOnlyForDeploymentPostprocessing = 0;
		};
		14B029762EA7B1580039B280 /* Sources */ = {
			isa = PBXSourcesBuildPhase;
			buildActionMask = 2147483647;
			files = (
			);
			runOnlyForDeploymentPostprocessing = 0;
		};
		14B029802EA7B1580039B280 /* Sources */ = {
			isa = PBXSourcesBuildPhase;
			buildActionMask = 2147483647;
			files = (
			);
			runOnlyForDeploymentPostprocessing = 0;
		};
/* End PBXSourcesBuildPhase section */

/* Begin PBXTargetDependency section */
		14B0297C2EA7B1580039B280 /* PBXTargetDependency */ = {
			isa = PBXTargetDependency;
			target = 14B0296C2EA7B1510039B280 /* iPadPopoverDemoApp */;
			targetProxy = 14B0297B2EA7B1580039B280 /* PBXContainerItemProxy */;
		};
		14B029862EA7B1580039B280 /* PBXTargetDependency */ = {
			isa = PBXTargetDependency;
			target = 14B0296C2EA7B1510039B280 /* iPadPopoverDemoApp */;
			targetProxy = 14B029852EA7B1580039B280 /* PBXContainerItemProxy */;
		};
/* End PBXTargetDependency section */

/* Begin XCBuildConfiguration section */
		14B0298C2EA7B1580039B280 /* Debug */ = {
			isa = XCBuildConfiguration;
			buildSettings = {
				ALWAYS_SEARCH_USER_PATHS = NO;
				ASSETCATALOG_COMPILER_GENERATE_SWIFT_ASSET_SYMBOL_EXTENSIONS = YES;
				CLANG_ANALYZER_NONNULL = YES;
				CLANG_ANALYZER_NUMBER_OBJECT_CONVERSION = YES_AGGRESSIVE;
				CLANG_CXX_LANGUAGE_STANDARD = "gnu++20";
				CLANG_ENABLE_MODULES = YES;
				CLANG_ENABLE_OBJC_ARC = YES;
				CLANG_ENABLE_OBJC_WEAK = YES;
				CLANG_WARN_BLOCK_CAPTURE_AUTORELEASING = YES;
				CLANG_WARN_BOOL_CONVERSION = YES;
				CLANG_WARN_COMMA = YES;
				CLANG_WARN_CONSTANT_CONVERSION = YES;
				CLANG_WARN_DEPRECATED_OBJC_IMPLEMENTATIONS = YES;
				CLANG_WARN_DIRECT_OBJC_ISA_USAGE = YES_ERROR;
				CLANG_WARN_DOCUMENTATION_COMMENTS = YES;
				CLANG_WARN_EMPTY_BODY = YES;
				CLANG_WARN_ENUM_CONVERSION = YES;
				CLANG_WARN_INFINITE_RECURSION = YES;
				CLANG_WARN_INT_CONVERSION = YES;
				CLANG_WARN_NON_LITERAL_NULL_CONVERSION = YES;
				CLANG_WARN_OBJC_IMPLICIT_RETAIN_SELF = YES;
				CLANG_WARN_OBJC_LITERAL_CONVERSION = YES;
				CLANG_WARN_OBJC_ROOT_CLASS = YES_ERROR;
				CLANG_WARN_QUOTED_INCLUDE_IN_FRAMEWORK_HEADER = YES;
				CLANG_WARN_RANGE_LOOP_ANALYSIS = YES;
				CLANG_WARN_STRICT_PROTOTYPES = YES;
				CLANG_WARN_SUSPICIOUS_MOVE = YES;
				CLANG_WARN_UNGUARDED_AVAILABILITY = YES_AGGRESSIVE;
				CLANG_WARN_UNREACHABLE_CODE = YES;
				CLANG_WARN__DUPLICATE_METHOD_MATCH = YES;
				COPY_PHASE_STRIP = NO;
				DEBUG_INFORMATION_FORMAT = dwarf;
				ENABLE_STRICT_OBJC_MSGSEND = YES;
				ENABLE_TESTABILITY = YES;
				ENABLE_USER_SCRIPT_SANDBOXING = YES;
				GCC_C_LANGUAGE_STANDARD = gnu17;
				GCC_DYNAMIC_NO_PIC = NO;
				GCC_NO_COMMON_BLOCKS = YES;
				GCC_OPTIMIZATION_LEVEL = 0;
				GCC_PREPROCESSOR_DEFINITIONS = (
					"DEBUG=1",
					"$(inherited)",
				);
				GCC_WARN_64_TO_32_BIT_CONVERSION = YES;
				GCC_WARN_ABOUT_RETURN_TYPE = YES_ERROR;
				GCC_WARN_UNDECLARED_SELECTOR = YES;
				GCC_WARN_UNINITIALIZED_AUTOS = YES_AGGRESSIVE;
				GCC_WARN_UNUSED_FUNCTION = YES;
				GCC_WARN_UNUSED_VARIABLE = YES;
				IPHONEOS_DEPLOYMENT_TARGET = 18.5;
				LOCALIZATION_PREFERS_STRING_CATALOGS = YES;
				MTL_ENABLE_DEBUG_INFO = INCLUDE_SOURCE;
				MTL_FAST_MATH = YES;
				ONLY_ACTIVE_ARCH = YES;
				SDKROOT = iphoneos;
				SWIFT_ACTIVE_COMPILATION_CONDITIONS = "DEBUG $(inherited)";
				SWIFT_OPTIMIZATION_LEVEL = "-Onone";
			};
			name = Debug;
		};
		14B0298D2EA7B1580039B280 /* Release */ = {
			isa = XCBuildConfiguration;
			buildSettings = {
				ALWAYS_SEARCH_USER_PATHS = NO;
				ASSETCATALOG_COMPILER_GENERATE_SWIFT_ASSET_SYMBOL_EXTENSIONS = YES;
				CLANG_ANALYZER_NONNULL = YES;
				CLANG_ANALYZER_NUMBER_OBJECT_CONVERSION = YES_AGGRESSIVE;
				CLANG_CXX_LANGUAGE_STANDARD = "gnu++20";
				CLANG_ENABLE_MODULES = YES;
				CLANG_ENABLE_OBJC_ARC = YES;
				CLANG_ENABLE_OBJC_WEAK = YES;
				CLANG_WARN_BLOCK_CAPTURE_AUTORELEASING = YES;
				CLANG_WARN_BOOL_CONVERSION = YES;
				CLANG_WARN_COMMA = YES;
				CLANG_WARN_CONSTANT_CONVERSION = YES;
				CLANG_WARN_DEPRECATED_OBJC_IMPLEMENTATIONS = YES;
				CLANG_WARN_DIRECT_OBJC_ISA_USAGE = YES_ERROR;
				CLANG_WARN_DOCUMENTATION_COMMENTS = YES;
				CLANG_WARN_EMPTY_BODY = YES;
				CLANG_WARN_ENUM_CONVERSION = YES;
				CLANG_WARN_INFINITE_RECURSION = YES;
				CLANG_WARN_INT_CONVERSION = YES;
				CLANG_WARN_NON_LITERAL_NULL_CONVERSION = YES;
				CLANG_WARN_OBJC_IMPLICIT_RETAIN_SELF = YES;
				CLANG_WARN_OBJC_LITERAL_CONVERSION = YES;
				CLANG_WARN_OBJC_ROOT_CLASS = YES_ERROR;
				CLANG_WARN_QUOTED_INCLUDE_IN_FRAMEWORK_HEADER = YES;
				CLANG_WARN_RANGE_LOOP_ANALYSIS = YES;
				CLANG_WARN_STRICT_PROTOTYPES = YES;
				CLANG_WARN_SUSPICIOUS_MOVE = YES;
				CLANG_WARN_UNGUARDED_AVAILABILITY = YES_AGGRESSIVE;
				CLANG_WARN_UNREACHABLE_CODE = YES;
				CLANG_WARN__DUPLICATE_METHOD_MATCH = YES;
				COPY_PHASE_STRIP = NO;
				DEBUG_INFORMATION_FORMAT = "dwarf-with-dsym";
				ENABLE_NS_ASSERTIONS = NO;
				ENABLE_STRICT_OBJC_MSGSEND = YES;
				ENABLE_USER_SCRIPT_SANDBOXING = YES;
				GCC_C_LANGUAGE_STANDARD = gnu17;
				GCC_NO_COMMON_BLOCKS = YES;
				GCC_WARN_64_TO_32_BIT_CONVERSION = YES;
				GCC_WARN_ABOUT_RETURN_TYPE = YES_ERROR;
				GCC_WARN_UNDECLARED_SELECTOR = YES;
				GCC_WARN_UNINITIALIZED_AUTOS = YES_AGGRESSIVE;
				GCC_WARN_UNUSED_FUNCTION = YES;
				GCC_WARN_UNUSED_VARIABLE = YES;
				IPHONEOS_DEPLOYMENT_TARGET = 18.5;
				LOCALIZATION_PREFERS_STRING_CATALOGS = YES;
				MTL_ENABLE_DEBUG_INFO = NO;
				MTL_FAST_MATH = YES;
				SDKROOT = iphoneos;
				SWIFT_COMPILATION_MODE = wholemodule;
				VALIDATE_PRODUCT = YES;
			};
			name = Release;
		};
		14B0298F2EA7B1580039B280 /* Debug */ = {
			isa = XCBuildConfiguration;
			buildSettings = {
				ASSETCATALOG_COMPILER_APPICON_NAME = AppIcon;
				ASSETCATALOG_COMPILER_GLOBAL_ACCENT_COLOR_NAME = AccentColor;
				CODE_SIGN_STYLE = Automatic;
				CURRENT_PROJECT_VERSION = 1;
				ENABLE_PREVIEWS = YES;
				GENERATE_INFOPLIST_FILE = YES;
				INFOPLIST_KEY_UIApplicationSceneManifest_Generation = YES;
				INFOPLIST_KEY_UIApplicationSupportsIndirectInputEvents = YES;
				INFOPLIST_KEY_UILaunchScreen_Generation = YES;
				INFOPLIST_KEY_UISupportedInterfaceOrientations_iPad = "UIInterfaceOrientationPortrait UIInterfaceOrientationPortraitUpsideDown UIInterfaceOrientationLandscapeLeft UIInterfaceOrientationLandscapeRight";
				INFOPLIST_KEY_UISupportedInterfaceOrientations_iPhone = "UIInterfaceOrientationPortrait UIInterfaceOrientationLandscapeLeft UIInterfaceOrientationLandscapeRight";
				LD_RUNPATH_SEARCH_PATHS = (
					"$(inherited)",
					"@executable_path/Frameworks",
				);
				MARKETING_VERSION = 1.0;
				PRODUCT_BUNDLE_IDENTIFIER = com.triosdj.iPadPopoverDemoApp;
				PRODUCT_NAME = "$(TARGET_NAME)";
				SWIFT_EMIT_LOC_STRINGS = YES;
				SWIFT_VERSION = 5.0;
				TARGETED_DEVICE_FAMILY = "1,2";
			};
			name = Debug;
		};
		14B029902EA7B1580039B280 /* Release */ = {
			isa = XCBuildConfiguration;
			buildSettings = {
				ASSETCATALOG_COMPILER_APPICON_NAME = AppIcon;
				ASSETCATALOG_COMPILER_GLOBAL_ACCENT_COLOR_NAME = AccentColor;
				CODE_SIGN_STYLE = Automatic;
				CURRENT_PROJECT_VERSION = 1;
				ENABLE_PREVIEWS = YES;
				GENERATE_INFOPLIST_FILE = YES;
				INFOPLIST_KEY_UIApplicationSceneManifest_Generation = YES;
				INFOPLIST_KEY_UIApplicationSupportsIndirectInputEvents = YES;
				INFOPLIST_KEY_UILaunchScreen_Generation = YES;
				INFOPLIST_KEY_UISupportedInterfaceOrientations_iPad = "UIInterfaceOrientationPortrait UIInterfaceOrientationPortraitUpsideDown UIInterfaceOrientationLandscapeLeft UIInterfaceOrientationLandscapeRight";
				INFOPLIST_KEY_UISupportedInterfaceOrientations_iPhone = "UIInterfaceOrientationPortrait UIInterfaceOrientationLandscapeLeft UIInterfaceOrientationLandscapeRight";
				LD_RUNPATH_SEARCH_PATHS = (
					"$(inherited)",
					"@executable_path/Frameworks",
				);
				MARKETING_VERSION = 1.0;
				PRODUCT_BUNDLE_IDENTIFIER = com.triosdj.iPadPopoverDemoApp;
				PRODUCT_NAME = "$(TARGET_NAME)";
				SWIFT_EMIT_LOC_STRINGS = YES;
				SWIFT_VERSION = 5.0;
				TARGETED_DEVICE_FAMILY = "1,2";
			};
			name = Release;
		};
		14B029922EA7B1580039B280 /* Debug */ = {
			isa = XCBuildConfiguration;
			buildSettings = {
				BUNDLE_LOADER = "$(TEST_HOST)";
				CODE_SIGN_STYLE = Automatic;
				CURRENT_PROJECT_VERSION = 1;
				GENERATE_INFOPLIST_FILE = YES;
				IPHONEOS_DEPLOYMENT_TARGET = 18.5;
				MARKETING_VERSION = 1.0;
				PRODUCT_BUNDLE_IDENTIFIER = com.triosdj.iPadPopoverDemoAppTests;
				PRODUCT_NAME = "$(TARGET_NAME)";
				SWIFT_EMIT_LOC_STRINGS = NO;
				SWIFT_VERSION = 5.0;
				TARGETED_DEVICE_FAMILY = "1,2";
				TEST_HOST = "$(BUILT_PRODUCTS_DIR)/iPadPopoverDemoApp.app/$(BUNDLE_EXECUTABLE_FOLDER_PATH)/iPadPopoverDemoApp";
			};
			name = Debug;
		};
		14B029932EA7B1580039B280 /* Release */ = {
			isa = XCBuildConfiguration;
			buildSettings = {
				BUNDLE_LOADER = "$(TEST_HOST)";
				CODE_SIGN_STYLE = Automatic;
				CURRENT_PROJECT_VERSION = 1;
				GENERATE_INFOPLIST_FILE = YES;
				IPHONEOS_DEPLOYMENT_TARGET = 18.5;
				MARKETING_VERSION = 1.0;
				PRODUCT_BUNDLE_IDENTIFIER = com.triosdj.iPadPopoverDemoAppTests;
				PRODUCT_NAME = "$(TARGET_NAME)";
				SWIFT_EMIT_LOC_STRINGS = NO;
				SWIFT_VERSION = 5.0;
				TARGETED_DEVICE_FAMILY = "1,2";
				TEST_HOST = "$(BUILT_PRODUCTS_DIR)/iPadPopoverDemoApp.app/$(BUNDLE_EXECUTABLE_FOLDER_PATH)/iPadPopoverDemoApp";
			};
			name = Release;
		};
		14B029952EA7B1580039B280 /* Debug */ = {
			isa = XCBuildConfiguration;
			buildSettings = {
				CODE_SIGN_STYLE = Automatic;
				CURRENT_PROJECT_VERSION = 1;
				GENERATE_INFOPLIST_FILE = YES;
				MARKETING_VERSION = 1.0;
				PRODUCT_BUNDLE_IDENTIFIER = com.triosdj.iPadPopoverDemoAppUITests;
				PRODUCT_NAME = "$(TARGET_NAME)";
				SWIFT_EMIT_LOC_STRINGS = NO;
				SWIFT_VERSION = 5.0;
				TARGETED_DEVICE_FAMILY = "1,2";
				TEST_TARGET_NAME = iPadPopoverDemoApp;
			};
			name = Debug;
		};
		14B029962EA7B1580039B280 /* Release */ = {
			isa = XCBuildConfiguration;
			buildSettings = {
				CODE_SIGN_STYLE = Automatic;
				CURRENT_PROJECT_VERSION = 1;
				GENERATE_INFOPLIST_FILE = YES;
				MARKETING_VERSION = 1.0;
				PRODUCT_BUNDLE_IDENTIFIER = com.triosdj.iPadPopoverDemoAppUITests;
				PRODUCT_NAME = "$(TARGET_NAME)";
				SWIFT_EMIT_LOC_STRINGS = NO;
				SWIFT_VERSION = 5.0;
				TARGETED_DEVICE_FAMILY = "1,2";
				TEST_TARGET_NAME = iPadPopoverDemoApp;
			};
			name = Release;
		};
/* End XCBuildConfiguration section */

/* Begin XCConfigurationList section */
		14B029682EA7B1510039B280 /* Build configuration list for PBXProject "iPadPopoverDemoApp" */ = {
			isa = XCConfigurationList;
			buildConfigurations = (
				14B0298C2EA7B1580039B280 /* Debug */,
				14B0298D2EA7B1580039B280 /* Release */,
			);
			defaultConfigurationIsVisible = 0;
			defaultConfigurationName = Release;
		};
		14B0298E2EA7B1580039B280 /* Build configuration list for PBXNativeTarget "iPadPopoverDemoApp" */ = {
			isa = XCConfigurationList;
			buildConfigurations = (
				14B0298F2EA7B1580039B280 /* Debug */,
				14B029902EA7B1580039B280 /* Release */,
			);
			defaultConfigurationIsVisible = 0;
			defaultConfigurationName = Release;
		};
		14B029912EA7B1580039B280 /* Build configuration list for PBXNativeTarget "iPadPopoverDemoAppTests" */ = {
			isa = XCConfigurationList;
			buildConfigurations = (
				14B029922EA7B1580039B280 /* Debug */,
				14B029932EA7B1580039B280 /* Release */,
			);
			defaultConfigurationIsVisible = 0;
			defaultConfigurationName = Release;
		};
		14B029942EA7B1580039B280 /* Build configuration list for PBXNativeTarget "iPadPopoverDemoAppUITests" */ = {
			isa = XCConfigurationList;
			buildConfigurations = (
				14B029952EA7B1580039B280 /* Debug */,
				14B029962EA7B1580039B280 /* Release */,
			);
			defaultConfigurationIsVisible = 0;
			defaultConfigurationName = Release;
		};
/* End XCConfigurationList section */
	};
	rootObject = 14B029652EA7B1510039B280 /* Project object */;
}
